
Microsoft Visual Studio Solution File, Format Version 12.00
# Visual Studio 15
VisualStudioVersion = 15.0.27703.2035
MinimumVisualStudioVersion = 10.0.40219.1
Project("{FAE04EC0-301F-11D3-BF4B-00C04F79EFBC}") = "AppCross.Android", "AppCross\AppCross.Android\AppCross.Android.csproj", "{32895B70-B99B-4DA7-842C-78A8DDE9ED24}"
EndProject
Project("{FAE04EC0-301F-11D3-BF4B-00C04F79EFBC}") = "AppCross.iOS", "AppCross\AppCross.iOS\AppCross.iOS.csproj", "{B87FA3AA-EE4F-447C-97BA-36C4BB2A254C}"
EndProject
Project("{FAE04EC0-301F-11D3-BF4B-00C04F79EFBC}") = "AppCross", "AppCross\AppCross\AppCross.csproj", "{D34AECE1-63DD-42A3-B27E-2F25A0E522A9}"
EndProject
Global
	GlobalSection(SolutionConfigurationPlatforms) = preSolution
		Ad-Hoc|Any CPU = Ad-Hoc|Any CPU
		Ad-Hoc|iPhone = Ad-Hoc|iPhone
		Ad-Hoc|iPhoneSimulator = Ad-Hoc|iPhoneSimulator
		AppStore|Any CPU = AppStore|Any CPU
		AppStore|iPhone = AppStore|iPhone
		AppStore|iPhoneSimulator = AppStore|iPhoneSimulator
		Debug|Any CPU = Debug|Any CPU
		Debug|iPhone = Debug|iPhone
		Debug|iPhoneSimulator = Debug|iPhoneSimulator
		Release|Any CPU = Release|Any CPU
		Release|iPhone = Release|iPhone
		Release|iPhoneSimulator = Release|iPhoneSimulator
	EndGlobalSection
	GlobalSection(ProjectConfigurationPlatforms) = postSolution
		{32895B70-B99B-4DA7-842C-78A8DDE9ED24}.Ad-Hoc|Any CPU.ActiveCfg = Release|Any CPU
		{32895B70-B99B-4DA7-842C-78A8DDE9ED24}.Ad-Hoc|Any CPU.Build.0 = Release|Any CPU
		{32895B70-B99B-4DA7-842C-78A8DDE9ED24}.Ad-Hoc|Any CPU.Deploy.0 = Release|Any CPU
		{32895B70-B99B-4DA7-842C-78A8DDE9ED24}.Ad-Hoc|iPhone.ActiveCfg = Release|Any CPU
		{32895B70-B99B-4DA7-842C-78A8DDE9ED24}.Ad-Hoc|iPhone.Build.0 = Release|Any CPU
		{32895B70-B99B-4DA7-842C-78A8DDE9ED24}.Ad-Hoc|iPhone.Deploy.0 = Release|Any CPU
		{32895B70-B99B-4DA7-842C-78A8DDE9ED24}.Ad-Hoc|iPhoneSimulator.ActiveCfg = Release|Any CPU
		{32895B70-B99B-4DA7-842C-78A8DDE9ED24}.Ad-Hoc|iPhoneSimulator.Build.0 = Release|Any CPU
		{32895B70-B99B-4DA7-842C-78A8DDE9ED24}.Ad-Hoc|iPhoneSimulator.Deploy.0 = Release|Any CPU
		{32895B70-B99B-4DA7-842C-78A8DDE9ED24}.AppStore|Any CPU.ActiveCfg = Release|Any CPU
		{32895B70-B99B-4DA7-842C-78A8DDE9ED24}.AppStore|Any CPU.Build.0 = Release|Any CPU
		{32895B70-B99B-4DA7-842C-78A8DDE9ED24}.AppStore|Any CPU.Deploy.0 = Release|Any CPU
		{32895B70-B99B-4DA7-842C-78A8DDE9ED24}.AppStore|iPhone.ActiveCfg = Release|Any CPU
		{32895B70-B99B-4DA7-842C-78A8DDE9ED24}.AppStore|iPhone.Build.0 = Release|Any CPU
		{32895B70-B99B-4DA7-842C-78A8DDE9ED24}.AppStore|iPhone.Deploy.0 = Release|Any CPU
		{32895B70-B99B-4DA7-842C-78A8DDE9ED24}.AppStore|iPhoneSimulator.ActiveCfg = Release|Any CPU
		{32895B70-B99B-4DA7-842C-78A8DDE9ED24}.AppStore|iPhoneSimulator.Build.0 = Release|Any CPU
		{32895B70-B99B-4DA7-842C-78A8DDE9ED24}.AppStore|iPhoneSimulator.Deploy.0 = Release|Any CPU
		{32895B70-B99B-4DA7-842C-78A8DDE9ED24}.Debug|Any CPU.ActiveCfg = Debug|Any CPU
		{32895B70-B99B-4DA7-842C-78A8DDE9ED24}.Debug|Any CPU.Build.0 = Debug|Any CPU
		{32895B70-B99B-4DA7-842C-78A8DDE9ED24}.Debug|Any CPU.Deploy.0 = Debug|Any CPU
		{32895B70-B99B-4DA7-842C-78A8DDE9ED24}.Debug|iPhone.ActiveCfg = Debug|Any CPU
		{32895B70-B99B-4DA7-842C-78A8DDE9ED24}.Debug|iPhone.Build.0 = Debug|Any CPU
		{32895B70-B99B-4DA7-842C-78A8DDE9ED24}.Debug|iPhone.Deploy.0 = Debug|Any CPU
		{32895B70-B99B-4DA7-842C-78A8DDE9ED24}.Debug|iPhoneSimulator.ActiveCfg = Debug|Any CPU
		{32895B70-B99B-4DA7-842C-78A8DDE9ED24}.Debug|iPhoneSimulator.Build.0 = Debug|Any CPU
		{32895B70-B99B-4DA7-842C-78A8DDE9ED24}.Debug|iPhoneSimulator.Deploy.0 = Debug|Any CPU
		{32895B70-B99B-4DA7-842C-78A8DDE9ED24}.Release|Any CPU.ActiveCfg = Release|Any CPU
		{32895B70-B99B-4DA7-842C-78A8DDE9ED24}.Release|Any CPU.Build.0 = Release|Any CPU
		{32895B70-B99B-4DA7-842C-78A8DDE9ED24}.Release|Any CPU.Deploy.0 = Release|Any CPU
		{32895B70-B99B-4DA7-842C-78A8DDE9ED24}.Release|iPhone.ActiveCfg = Release|Any CPU
		{32895B70-B99B-4DA7-842C-78A8DDE9ED24}.Release|iPhone.Build.0 = Release|Any CPU
		{32895B70-B99B-4DA7-842C-78A8DDE9ED24}.Release|iPhone.Deploy.0 = Release|Any CPU
		{32895B70-B99B-4DA7-842C-78A8DDE9ED24}.Release|iPhoneSimulator.ActiveCfg = Release|Any CPU
		{32895B70-B99B-4DA7-842C-78A8DDE9ED24}.Release|iPhoneSimulator.Build.0 = Release|Any CPU
		{32895B70-B99B-4DA7-842C-78A8DDE9ED24}.Release|iPhoneSimulator.Deploy.0 = Release|Any CPU
		{B87FA3AA-EE4F-447C-97BA-36C4BB2A254C}.Ad-Hoc|Any CPU.ActiveCfg = Ad-Hoc|iPhone
		{B87FA3AA-EE4F-447C-97BA-36C4BB2A254C}.Ad-Hoc|Any CPU.Build.0 = Ad-Hoc|iPhone
		{B87FA3AA-EE4F-447C-97BA-36C4BB2A254C}.Ad-Hoc|Any CPU.Deploy.0 = Ad-Hoc|iPhone
		{B87FA3AA-EE4F-447C-97BA-36C4BB2A254C}.Ad-Hoc|iPhone.ActiveCfg = Ad-Hoc|iPhone
		{B87FA3AA-EE4F-447C-97BA-36C4BB2A254C}.Ad-Hoc|iPhone.Build.0 = Ad-Hoc|iPhone
		{B87FA3AA-EE4F-447C-97BA-36C4BB2A254C}.Ad-Hoc|iPhone.Deploy.0 = Ad-Hoc|iPhone
		{B87FA3AA-EE4F-447C-97BA-36C4BB2A254C}.Ad-Hoc|iPhoneSimulator.ActiveCfg = Ad-Hoc|iPhoneSimulator
		{B87FA3AA-EE4F-447C-97BA-36C4BB2A254C}.Ad-Hoc|iPhoneSimulator.Build.0 = Ad-Hoc|iPhoneSimulator
		{B87FA3AA-EE4F-447C-97BA-36C4BB2A254C}.Ad-Hoc|iPhoneSimulator.Deploy.0 = Ad-Hoc|iPhoneSimulator
		{B87FA3AA-EE4F-447C-97BA-36C4BB2A254C}.AppStore|Any CPU.ActiveCfg = AppStore|iPhone
		{B87FA3AA-EE4F-447C-97BA-36C4BB2A254C}.AppStore|Any CPU.Build.0 = AppStore|iPhone
		{B87FA3AA-EE4F-447C-97BA-36C4BB2A254C}.AppStore|Any CPU.Deploy.0 = AppStore|iPhone
		{B87FA3AA-EE4F-447C-97BA-36C4BB2A254C}.AppStore|iPhone.ActiveCfg = AppStore|iPhone
		{B87FA3AA-EE4F-447C-97BA-36C4BB2A254C}.AppStore|iPhone.Build.0 = AppStore|iPhone
		{B87FA3AA-EE4F-447C-97BA-36C4BB2A254C}.AppStore|iPhone.Deploy.0 = AppStore|iPhone
		{B87FA3AA-EE4F-447C-97BA-36C4BB2A254C}.AppStore|iPhoneSimulator.ActiveCfg = AppStore|iPhoneSimulator
		{B87FA3AA-EE4F-447C-97BA-36C4BB2A254C}.AppStore|iPhoneSimulator.Build.0 = AppStore|iPhoneSimulator
		{B87FA3AA-EE4F-447C-97BA-36C4BB2A254C}.AppStore|iPhoneSimulator.Deploy.0 = AppStore|iPhoneSimulator
		{B87FA3AA-EE4F-447C-97BA-36C4BB2A254C}.Debug|Any CPU.ActiveCfg = Debug|iPhoneSimulator
		{B87FA3AA-EE4F-447C-97BA-36C4BB2A254C}.Debug|Any CPU.Build.0 = Debug|iPhoneSimulator
		{B87FA3AA-EE4F-447C-97BA-36C4BB2A254C}.Debug|Any CPU.Deploy.0 = Debug|iPhoneSimulator
		{B87FA3AA-EE4F-447C-97BA-36C4BB2A254C}.Debug|iPhone.ActiveCfg = Debug|iPhone
		{B87FA3AA-EE4F-447C-97BA-36C4BB2A254C}.Debug|iPhone.Build.0 = Debug|iPhone
		{B87FA3AA-EE4F-447C-97BA-36C4BB2A254C}.Debug|iPhone.Deploy.0 = Debug|iPhone
		{B87FA3AA-EE4F-447C-97BA-36C4BB2A254C}.Debug|iPhoneSimulator.ActiveCfg = Debug|iPhoneSimulator
		{B87FA3AA-EE4F-447C-97BA-36C4BB2A254C}.Debug|iPhoneSimulator.Build.0 = Debug|iPhoneSimulator
		{B87FA3AA-EE4F-447C-97BA-36C4BB2A254C}.Debug|iPhoneSimulator.Deploy.0 = Debug|iPhoneSimulator
		{B87FA3AA-EE4F-447C-97BA-36C4BB2A254C}.Release|Any CPU.ActiveCfg = Release|iPhone
		{B87FA3AA-EE4F-447C-97BA-36C4BB2A254C}.Release|Any CPU.Build.0 = Release|iPhone
		{B87FA3AA-EE4F-447C-97BA-36C4BB2A254C}.Release|Any CPU.Deploy.0 = Release|iPhone
		{B87FA3AA-EE4F-447C-97BA-36C4BB2A254C}.Release|iPhone.ActiveCfg = Release|iPhone
		{B87FA3AA-EE4F-447C-97BA-36C4BB2A254C}.Release|iPhone.Build.0 = Release|iPhone
		{B87FA3AA-EE4F-447C-97BA-36C4BB2A254C}.Release|iPhone.Deploy.0 = Release|iPhone
		{B87FA3AA-EE4F-447C-97BA-36C4BB2A254C}.Release|iPhoneSimulator.ActiveCfg = Release|iPhoneSimulator
		{B87FA3AA-EE4F-447C-97BA-36C4BB2A254C}.Release|iPhoneSimulator.Build.0 = Release|iPhoneSimulator
		{B87FA3AA-EE4F-447C-97BA-36C4BB2A254C}.Release|iPhoneSimulator.Deploy.0 = Release|iPhoneSimulator
		{D34AECE1-63DD-42A3-B27E-2F25A0E522A9}.Ad-Hoc|Any CPU.ActiveCfg = Debug|Any CPU
		{D34AECE1-63DD-42A3-B27E-2F25A0E522A9}.Ad-Hoc|Any CPU.Build.0 = Debug|Any CPU
		{D34AECE1-63DD-42A3-B27E-2F25A0E522A9}.Ad-Hoc|Any CPU.Deploy.0 = Debug|Any CPU
		{D34AECE1-63DD-42A3-B27E-2F25A0E522A9}.Ad-Hoc|iPhone.ActiveCfg = Debug|Any CPU
		{D34AECE1-63DD-42A3-B27E-2F25A0E522A9}.Ad-Hoc|iPhone.Build.0 = Debug|Any CPU
		{D34AECE1-63DD-42A3-B27E-2F25A0E522A9}.Ad-Hoc|iPhone.Deploy.0 = Debug|Any CPU
		{D34AECE1-63DD-42A3-B27E-2F25A0E522A9}.Ad-Hoc|iPhoneSimulator.ActiveCfg = Debug|Any CPU
		{D34AECE1-63DD-42A3-B27E-2F25A0E522A9}.Ad-Hoc|iPhoneSimulator.Build.0 = Debug|Any CPU
		{D34AECE1-63DD-42A3-B27E-2F25A0E522A9}.Ad-Hoc|iPhoneSimulator.Deploy.0 = Debug|Any CPU
		{D34AECE1-63DD-42A3-B27E-2F25A0E522A9}.AppStore|Any CPU.ActiveCfg = Debug|Any CPU
		{D34AECE1-63DD-42A3-B27E-2F25A0E522A9}.AppStore|Any CPU.Build.0 = Debug|Any CPU
		{D34AECE1-63DD-42A3-B27E-2F25A0E522A9}.AppStore|Any CPU.Deploy.0 = Debug|Any CPU
		{D34AECE1-63DD-42A3-B27E-2F25A0E522A9}.AppStore|iPhone.ActiveCfg = Debug|Any CPU
		{D34AECE1-63DD-42A3-B27E-2F25A0E522A9}.AppStore|iPhone.Build.0 = Debug|Any CPU
		{D34AECE1-63DD-42A3-B27E-2F25A0E522A9}.AppStore|iPhone.Deploy.0 = Debug|Any CPU
		{D34AECE1-63DD-42A3-B27E-2F25A0E522A9}.AppStore|iPhoneSimulator.ActiveCfg = Debug|Any CPU
		{D34AECE1-63DD-42A3-B27E-2F25A0E522A9}.AppStore|iPhoneSimulator.Build.0 = Debug|Any CPU
		{D34AECE1-63DD-42A3-B27E-2F25A0E522A9}.AppStore|iPhoneSimulator.Deploy.0 = Debug|Any CPU
		{D34AECE1-63DD-42A3-B27E-2F25A0E522A9}.Debug|Any CPU.ActiveCfg = Debug|Any CPU
		{D34AECE1-63DD-42A3-B27E-2F25A0E522A9}.Debug|Any CPU.Build.0 = Debug|Any CPU
		{D34AECE1-63DD-42A3-B27E-2F25A0E522A9}.Debug|Any CPU.Deploy.0 = Debug|Any CPU
		{D34AECE1-63DD-42A3-B27E-2F25A0E522A9}.Debug|iPhone.ActiveCfg = Debug|Any CPU
		{D34AECE1-63DD-42A3-B27E-2F25A0E522A9}.Debug|iPhone.Build.0 = Debug|Any CPU
		{D34AECE1-63DD-42A3-B27E-2F25A0E522A9}.Debug|iPhone.Deploy.0 = Debug|Any CPU
		{D34AECE1-63DD-42A3-B27E-2F25A0E522A9}.Debug|iPhoneSimulator.ActiveCfg = Debug|Any CPU
		{D34AECE1-63DD-42A3-B27E-2F25A0E522A9}.Debug|iPhoneSimulator.Build.0 = Debug|Any CPU
		{D34AECE1-63DD-42A3-B27E-2F25A0E522A9}.Debug|iPhoneSimulator.Deploy.0 = Debug|Any CPU
		{D34AECE1-63DD-42A3-B27E-2F25A0E522A9}.Release|Any CPU.ActiveCfg = Release|Any CPU
		{D34AECE1-63DD-42A3-B27E-2F25A0E522A9}.Release|Any CPU.Build.0 = Release|Any CPU
		{D34AECE1-63DD-42A3-B27E-2F25A0E522A9}.Release|Any CPU.Deploy.0 = Release|Any CPU
		{D34AECE1-63DD-42A3-B27E-2F25A0E522A9}.Release|iPhone.ActiveCfg = Release|Any CPU
		{D34AECE1-63DD-42A3-B27E-2F25A0E522A9}.Release|iPhone.Build.0 = Release|Any CPU
		{D34AECE1-63DD-42A3-B27E-2F25A0E522A9}.Release|iPhone.Deploy.0 = Release|Any CPU
		{D34AECE1-63DD-42A3-B27E-2F25A0E522A9}.Release|iPhoneSimulator.ActiveCfg = Release|Any CPU
		{D34AECE1-63DD-42A3-B27E-2F25A0E522A9}.Release|iPhoneSimulator.Build.0 = Release|Any CPU
		{D34AECE1-63DD-42A3-B27E-2F25A0E522A9}.Release|iPhoneSimulator.Deploy.0 = Release|Any CPU
	EndGlobalSection
	GlobalSection(SolutionProperties) = preSolution
		HideSolutionNode = FALSE
	EndGlobalSection
	GlobalSection(ExtensibilityGlobals) = postSolution
		SolutionGuid = {BB36EFFB-92D9-428F-BBB3-08D753B9E686}
	EndGlobalSection
EndGlobal
